// !$*UTF8*$!
{
	archiveVersion = 1;
	classes = {
	};
	objectVersion = 55;
	objects = {

/* Begin PBXBuildFile section */
		4609DBFF282F34DB006EAEC3 /* WhatsApp Image 2022-05-13 at 3.42.35 PM.jpeg in Resources */ = {isa = PBXBuildFile; fileRef = 4609DBFE282F34DB006EAEC3 /* WhatsApp Image 2022-05-13 at 3.42.35 PM.jpeg */; };
		4609DC06282F55EF006EAEC3 /* ViewContoller1.swift in Sources */ = {isa = PBXBuildFile; fileRef = 4609DC05282F55EF006EAEC3 /* ViewContoller1.swift */; };
		4609DC08282F566A006EAEC3 /* ViewController2.swift in Sources */ = {isa = PBXBuildFile; fileRef = 4609DC07282F566A006EAEC3 /* ViewController2.swift */; };
		4609DC0A282F634B006EAEC3 /* ViewContoller3.swift in Sources */ = {isa = PBXBuildFile; fileRef = 4609DC09282F634B006EAEC3 /* ViewContoller3.swift */; };
		46930671282F0021005B1021 /* AppDelegate.swift in Sources */ = {isa = PBXBuildFile; fileRef = 46930670282F0021005B1021 /* AppDelegate.swift */; };
		46930673282F0021005B1021 /* SceneDelegate.swift in Sources */ = {isa = PBXBuildFile; fileRef = 46930672282F0021005B1021 /* SceneDelegate.swift */; };
		46930675282F0021005B1021 /* ViewController.swift in Sources */ = {isa = PBXBuildFile; fileRef = 46930674282F0021005B1021 /* ViewController.swift */; };
		46930678282F0021005B1021 /* Main.storyboard in Resources */ = {isa = PBXBuildFile; fileRef = 46930676282F0021005B1021 /* Main.storyboard */; };
		4693067B282F0021005B1021 /* Zodiac.xcdatamodeld in Sources */ = {isa = PBXBuildFile; fileRef = 46930679282F0021005B1021 /* Zodiac.xcdatamodeld */; };
		4693067D282F0023005B1021 /* Assets.xcassets in Resources */ = {isa = PBXBuildFile; fileRef = 4693067C282F0023005B1021 /* Assets.xcassets */; };
		46930680282F0023005B1021 /* LaunchScreen.storyboard in Resources */ = {isa = PBXBuildFile; fileRef = 4693067E282F0023005B1021 /* LaunchScreen.storyboard */; };
		4693068B282F0024005B1021 /* ZodiacTests.swift in Sources */ = {isa = PBXBuildFile; fileRef = 4693068A282F0024005B1021 /* ZodiacTests.swift */; };
		46930695282F0024005B1021 /* ZodiacUITests.swift in Sources */ = {isa = PBXBuildFile; fileRef = 46930694282F0024005B1021 /* ZodiacUITests.swift */; };
		46930697282F0024005B1021 /* ZodiacUITestsLaunchTests.swift in Sources */ = {isa = PBXBuildFile; fileRef = 46930696282F0024005B1021 /* ZodiacUITestsLaunchTests.swift */; };
		469306A4282F1691005B1021 /* WhatsApp Image 2022-05-13 at 3.40.43 PM.jpeg in Resources */ = {isa = PBXBuildFile; fileRef = 469306A3282F1691005B1021 /* WhatsApp Image 2022-05-13 at 3.40.43 PM.jpeg */; };
/* End PBXBuildFile section */

/* Begin PBXContainerItemProxy section */
		46930687282F0023005B1021 /* PBXContainerItemProxy */ = {
			isa = PBXContainerItemProxy;
			containerPortal = 46930665282F0021005B1021 /* Project object */;
			proxyType = 1;
			remoteGlobalIDString = 4693066C282F0021005B1021;
			remoteInfo = Zodiac;
		};
		46930691282F0024005B1021 /* PBXContainerItemProxy */ = {
			isa = PBXContainerItemProxy;
			containerPortal = 46930665282F0021005B1021 /* Project object */;
			proxyType = 1;
			remoteGlobalIDString = 4693066C282F0021005B1021;
			remoteInfo = Zodiac;
		};
/* End PBXContainerItemProxy section */

/* Begin PBXFileReference section */
		4609DBFE282F34DB006EAEC3 /* WhatsApp Image 2022-05-13 at 3.42.35 PM.jpeg */ = {isa = PBXFileReference; lastKnownFileType = image.jpeg; path = "WhatsApp Image 2022-05-13 at 3.42.35 PM.jpeg"; sourceTree = "<group>"; };
		4609DC05282F55EF006EAEC3 /* ViewContoller1.swift */ = {isa = PBXFileReference; lastKnownFileType = sourcecode.swift; path = ViewContoller1.swift; sourceTree = "<group>"; };
		4609DC07282F566A006EAEC3 /* ViewController2.swift */ = {isa = PBXFileReference; lastKnownFileType = sourcecode.swift; path = ViewController2.swift; sourceTree = "<group>"; };
		4609DC09282F634B006EAEC3 /* ViewContoller3.swift */ = {isa = PBXFileReference; lastKnownFileType = sourcecode.swift; path = ViewContoller3.swift; sourceTree = "<group>"; };
		4693066D282F0021005B1021 /* Zodiac.app */ = {isa = PBXFileReference; explicitFileType = wrapper.application; includeInIndex = 0; path = Zodiac.app; sourceTree = BUILT_PRODUCTS_DIR; };
		46930670282F0021005B1021 /* AppDelegate.swift */ = {isa = PBXFileReference; lastKnownFileType = sourcecode.swift; path = AppDelegate.swift; sourceTree = "<group>"; };
		46930672282F0021005B1021 /* SceneDelegate.swift */ = {isa = PBXFileReference; lastKnownFileType = sourcecode.swift; path = SceneDelegate.swift; sourceTree = "<group>"; };
		46930674282F0021005B1021 /* ViewController.swift */ = {isa = PBXFileReference; lastKnownFileType = sourcecode.swift; path = ViewController.swift; sourceTree = "<group>"; };
		46930677282F0021005B1021 /* Base */ = {isa = PBXFileReference; lastKnownFileType = file.storyboard; name = Base; path = Base.lproj/Main.storyboard; sourceTree = "<group>"; };
		4693067A282F0021005B1021 /* Zodiac.xcdatamodel */ = {isa = PBXFileReference; lastKnownFileType = wrapper.xcdatamodel; path = Zodiac.xcdatamodel; sourceTree = "<group>"; };
		4693067C282F0023005B1021 /* Assets.xcassets */ = {isa = PBXFileReference; lastKnownFileType = folder.assetcatalog; path = Assets.xcassets; sourceTree = "<group>"; };
		4693067F282F0023005B1021 /* Base */ = {isa = PBXFileReference; lastKnownFileType = file.storyboard; name = Base; path = Base.lproj/LaunchScreen.storyboard; sourceTree = "<group>"; };
		46930681282F0023005B1021 /* Info.plist */ = {isa = PBXFileReference; lastKnownFileType = text.plist.xml; path = Info.plist; sourceTree = "<group>"; };
		46930686282F0023005B1021 /* ZodiacTests.xctest */ = {isa = PBXFileReference; explicitFileType = wrapper.cfbundle; includeInIndex = 0; path = ZodiacTests.xctest; sourceTree = BUILT_PRODUCTS_DIR; };
		4693068A282F0024005B1021 /* ZodiacTests.swift */ = {isa = PBXFileReference; lastKnownFileType = sourcecode.swift; path = ZodiacTests.swift; sourceTree = "<group>"; };
		46930690282F0024005B1021 /* ZodiacUITests.xctest */ = {isa = PBXFileReference; explicitFileType = wrapper.cfbundle; includeInIndex = 0; path = ZodiacUITests.xctest; sourceTree = BUILT_PRODUCTS_DIR; };
		46930694282F0024005B1021 /* ZodiacUITests.swift */ = {isa = PBXFileReference; lastKnownFileType = sourcecode.swift; path = ZodiacUITests.swift; sourceTree = "<group>"; };
		46930696282F0024005B1021 /* ZodiacUITestsLaunchTests.swift */ = {isa = PBXFileReference; lastKnownFileType = sourcecode.swift; path = ZodiacUITestsLaunchTests.swift; sourceTree = "<group>"; };
		469306A3282F1691005B1021 /* WhatsApp Image 2022-05-13 at 3.40.43 PM.jpeg */ = {isa = PBXFileReference; lastKnownFileType = image.jpeg; path = "WhatsApp Image 2022-05-13 at 3.40.43 PM.jpeg"; sourceTree = "<group>"; };
/* End PBXFileReference section */

/* Begin PBXFrameworksBuildPhase section */
		4693066A282F0021005B1021 /* Frameworks */ = {
			isa = PBXFrameworksBuildPhase;
			buildActionMask = 2147483647;
			files = (
			);
			runOnlyForDeploymentPostprocessing = 0;
		};
		46930683282F0023005B1021 /* Frameworks */ = {
			isa = PBXFrameworksBuildPhase;
			buildActionMask = 2147483647;
			files = (
			);
			runOnlyForDeploymentPostprocessing = 0;
		};
		4693068D282F0024005B1021 /* Frameworks */ = {
			isa = PBXFrameworksBuildPhase;
			buildActionMask = 2147483647;
			files = (
			);
			runOnlyForDeploymentPostprocessing = 0;
		};
/* End PBXFrameworksBuildPhase section */

/* Begin PBXGroup section */
		46930664282F0021005B1021 = {
			isa = PBXGroup;
			children = (
				4693066F282F0021005B1021 /* Zodiac */,
				46930689282F0024005B1021 /* ZodiacTests */,
				46930693282F0024005B1021 /* ZodiacUITests */,
				4693066E282F0021005B1021 /* Products */,
			);
			sourceTree = "<group>";
		};
		4693066E282F0021005B1021 /* Products */ = {
			isa = PBXGroup;
			children = (
				4693066D282F0021005B1021 /* Zodiac.app */,
				46930686282F0023005B1021 /* ZodiacTests.xctest */,
				46930690282F0024005B1021 /* ZodiacUITests.xctest */,
			);
			name = Products;
			sourceTree = "<group>";
		};
		4693066F282F0021005B1021 /* Zodiac */ = {
			isa = PBXGroup;
			children = (
				46930670282F0021005B1021 /* AppDelegate.swift */,
				46930672282F0021005B1021 /* SceneDelegate.swift */,
				46930674282F0021005B1021 /* ViewController.swift */,
				46930676282F0021005B1021 /* Main.storyboard */,
				4693067C282F0023005B1021 /* Assets.xcassets */,
				4609DBFE282F34DB006EAEC3 /* WhatsApp Image 2022-05-13 at 3.42.35 PM.jpeg */,
				4693067E282F0023005B1021 /* LaunchScreen.storyboard */,
				469306A3282F1691005B1021 /* WhatsApp Image 2022-05-13 at 3.40.43 PM.jpeg */,
				46930681282F0023005B1021 /* Info.plist */,
				46930679282F0021005B1021 /* Zodiac.xcdatamodeld */,
				4609DC05282F55EF006EAEC3 /* ViewContoller1.swift */,
				4609DC07282F566A006EAEC3 /* ViewController2.swift */,
				4609DC09282F634B006EAEC3 /* ViewContoller3.swift */,
			);
			path = Zodiac;
			sourceTree = "<group>";
		};
		46930689282F0024005B1021 /* ZodiacTests */ = {
			isa = PBXGroup;
			children = (
				4693068A282F0024005B1021 /* ZodiacTests.swift */,
			);
			path = ZodiacTests;
			sourceTree = "<group>";
		};
		46930693282F0024005B1021 /* ZodiacUITests */ = {
			isa = PBXGroup;
			children = (
				46930694282F0024005B1021 /* ZodiacUITests.swift */,
				46930696282F0024005B1021 /* ZodiacUITestsLaunchTests.swift */,
			);
			path = ZodiacUITests;
			sourceTree = "<group>";
		};
/* End PBXGroup section */

/* Begin PBXNativeTarget section */
		4693066C282F0021005B1021 /* Zodiac */ = {
			isa = PBXNativeTarget;
			buildConfigurationList = 4693069A282F0024005B1021 /* Build configuration list for PBXNativeTarget "Zodiac" */;
			buildPhases = (
				46930669282F0021005B1021 /* Sources */,
				4693066A282F0021005B1021 /* Frameworks */,
				4693066B282F0021005B1021 /* Resources */,
			);
			buildRules = (
			);
			dependencies = (
			);
			name = Zodiac;
			productName = Zodiac;
			productReference = 4693066D282F0021005B1021 /* Zodiac.app */;
			productType = "com.apple.product-type.application";
		};
		46930685282F0023005B1021 /* ZodiacTests */ = {
			isa = PBXNativeTarget;
			buildConfigurationList = 4693069D282F0024005B1021 /* Build configuration list for PBXNativeTarget "ZodiacTests" */;
			buildPhases = (
				46930682282F0023005B1021 /* Sources */,
				46930683282F0023005B1021 /* Frameworks */,
				46930684282F0023005B1021 /* Resources */,
			);
			buildRules = (
			);
			dependencies = (
				46930688282F0023005B1021 /* PBXTargetDependency */,
			);
			name = ZodiacTests;
			productName = ZodiacTests;
			productReference = 46930686282F0023005B1021 /* ZodiacTests.xctest */;
			productType = "com.apple.product-type.bundle.unit-test";
		};
		4693068F282F0024005B1021 /* ZodiacUITests */ = {
			isa = PBXNativeTarget;
			buildConfigurationList = 469306A0282F0024005B1021 /* Build configuration list for PBXNativeTarget "ZodiacUITests" */;
			buildPhases = (
				4693068C282F0024005B1021 /* Sources */,
				4693068D282F0024005B1021 /* Frameworks */,
				4693068E282F0024005B1021 /* Resources */,
			);
			buildRules = (
			);
			dependencies = (
				46930692282F0024005B1021 /* PBXTargetDependency */,
			);
			name = ZodiacUITests;
			productName = ZodiacUITests;
			productReference = 46930690282F0024005B1021 /* ZodiacUITests.xctest */;
			productType = "com.apple.product-type.bundle.ui-testing";
		};
/* End PBXNativeTarget section */

/* Begin PBXProject section */
		46930665282F0021005B1021 /* Project object */ = {
			isa = PBXProject;
			attributes = {
				BuildIndependentTargetsInParallel = 1;
				LastSwiftUpdateCheck = 1330;
				LastUpgradeCheck = 1330;
				TargetAttributes = {
					4693066C282F0021005B1021 = {
						CreatedOnToolsVersion = 13.3.1;
					};
					46930685282F0023005B1021 = {
						CreatedOnToolsVersion = 13.3.1;
						TestTargetID = 4693066C282F0021005B1021;
					};
					4693068F282F0024005B1021 = {
						CreatedOnToolsVersion = 13.3.1;
						TestTargetID = 4693066C282F0021005B1021;
					};
				};
			};
			buildConfigurationList = 46930668282F0021005B1021 /* Build configuration list for PBXProject "Zodiac" */;
			compatibilityVersion = "Xcode 13.0";
			developmentRegion = en;
			hasScannedForEncodings = 0;
			knownRegions = (
				en,
				Base,
			);
			mainGroup = 46930664282F0021005B1021;
			productRefGroup = 4693066E282F0021005B1021 /* Products */;
			projectDirPath = "";
			projectRoot = "";
			targets = (
				4693066C282F0021005B1021 /* Zodiac */,
				46930685282F0023005B1021 /* ZodiacTests */,
				4693068F282F0024005B1021 /* ZodiacUITests */,
			);
		};
/* End PBXProject section */

/* Begin PBXResourcesBuildPhase section */
		4693066B282F0021005B1021 /* Resources */ = {
			isa = PBXResourcesBuildPhase;
			buildActionMask = 2147483647;
			files = (
				469306A4282F1691005B1021 /* WhatsApp Image 2022-05-13 at 3.40.43 PM.jpeg in Resources */,
				46930680282F0023005B1021 /* LaunchScreen.storyboard in Resources */,
				4609DBFF282F34DB006EAEC3 /* WhatsApp Image 2022-05-13 at 3.42.35 PM.jpeg in Resources */,
				4693067D282F0023005B1021 /* Assets.xcassets in Resources */,
				46930678282F0021005B1021 /* Main.storyboard in Resources */,
			);
			runOnlyForDeploymentPostprocessing = 0;
		};
		46930684282F0023005B1021 /* Resources */ = {
			isa = PBXResourcesBuildPhase;
			buildActionMask = 2147483647;
			files = (
			);
			runOnlyForDeploymentPostprocessing = 0;
		};
		4693068E282F0024005B1021 /* Resources */ = {
			isa = PBXResourcesBuildPhase;
			buildActionMask = 2147483647;
			files = (
			);
			runOnlyForDeploymentPostprocessing = 0;
		};
/* End PBXResourcesBuildPhase section */

/* Begin PBXSourcesBuildPhase section */
		46930669282F0021005B1021 /* Sources */ = {
			isa = PBXSourcesBuildPhase;
			buildActionMask = 2147483647;
			files = (
				4609DC06282F55EF006EAEC3 /* ViewContoller1.swift in Sources */,
				46930675282F0021005B1021 /* ViewController.swift in Sources */,
				4693067B282F0021005B1021 /* Zodiac.xcdatamodeld in Sources */,
				46930671282F0021005B1021 /* AppDelegate.swift in Sources */,
				4609DC0A282F634B006EAEC3 /* ViewContoller3.swift in Sources */,
				46930673282F0021005B1021 /* SceneDelegate.swift in Sources */,
				4609DC08282F566A006EAEC3 /* ViewController2.swift in Sources */,
			);
			runOnlyForDeploymentPostprocessing = 0;
		};
		46930682282F0023005B1021 /* Sources */ = {
			isa = PBXSourcesBuildPhase;
			buildActionMask = 2147483647;
			files = (
				4693068B282F0024005B1021 /* ZodiacTests.swift in Sources */,
			);
			runOnlyForDeploymentPostprocessing = 0;
		};
		4693068C282F0024005B1021 /* Sources */ = {
			isa = PBXSourcesBuildPhase;
			buildActionMask = 2147483647;
			files = (
				46930697282F0024005B1021 /* ZodiacUITestsLaunchTests.swift in Sources */,
				46930695282F0024005B1021 /* ZodiacUITests.swift in Sources */,
			);
			runOnlyForDeploymentPostprocessing = 0;
		};
/* End PBXSourcesBuildPhase section */

/* Begin PBXTargetDependency section */
		46930688282F0023005B1021 /* PBXTargetDependency */ = {
			isa = PBXTargetDependency;
			target = 4693066C282F0021005B1021 /* Zodiac */;
			targetProxy = 46930687282F0023005B1021 /* PBXContainerItemProxy */;
		};
		46930692282F0024005B1021 /* PBXTargetDependency */ = {
			isa = PBXTargetDependency;
			target = 4693066C282F0021005B1021 /* Zodiac */;
			targetProxy = 46930691282F0024005B1021 /* PBXContainerItemProxy */;
		};
/* End PBXTargetDependency section */

/* Begin PBXVariantGroup section */
		46930676282F0021005B1021 /* Main.storyboard */ = {
			isa = PBXVariantGroup;
			children = (
				46930677282F0021005B1021 /* Base */,
			);
			name = Main.storyboard;
			sourceTree = "<group>";
		};
		4693067E282F0023005B1021 /* LaunchScreen.storyboard */ = {
			isa = PBXVariantGroup;
			children = (
				4693067F282F0023005B1021 /* Base */,
			);
			name = LaunchScreen.storyboard;
			sourceTree = "<group>";
		};
/* End PBXVariantGroup section */

/* Begin XCBuildConfiguration section */
		46930698282F0024005B1021 /* Debug */ = {
			isa = XCBuildConfiguration;
			buildSettings = {
				ALWAYS_SEARCH_USER_PATHS = NO;
				CLANG_ANALYZER_NONNULL = YES;
				CLANG_ANALYZER_NUMBER_OBJECT_CONVERSION = YES_AGGRESSIVE;
				CLANG_CXX_LANGUAGE_STANDARD = "gnu++17";
				CLANG_ENABLE_MODULES = YES;
				CLANG_ENABLE_OBJC_ARC = YES;
				CLANG_ENABLE_OBJC_WEAK = YES;
				CLANG_WARN_BLOCK_CAPTURE_AUTORELEASING = YES;
				CLANG_WARN_BOOL_CONVERSION = YES;
				CLANG_WARN_COMMA = YES;
				CLANG_WARN_CONSTANT_CONVERSION = YES;
				CLANG_WARN_DEPRECATED_OBJC_IMPLEMENTATIONS = YES;
				CLANG_WARN_DIRECT_OBJC_ISA_USAGE = YES_ERROR;
				CLANG_WARN_DOCUMENTATION_COMMENTS = YES;
				CLANG_WARN_EMPTY_BODY = YES;
				CLANG_WARN_ENUM_CONVERSION = YES;
				CLANG_WARN_INFINITE_RECURSION = YES;
				CLANG_WARN_INT_CONVERSION = YES;
				CLANG_WARN_NON_LITERAL_NULL_CONVERSION = YES;
				CLANG_WARN_OBJC_IMPLICIT_RETAIN_SELF = YES;
				CLANG_WARN_OBJC_LITERAL_CONVERSION = YES;
				CLANG_WARN_OBJC_ROOT_CLASS = YES_ERROR;
				CLANG_WARN_QUOTED_INCLUDE_IN_FRAMEWORK_HEADER = YES;
				CLANG_WARN_RANGE_LOOP_ANALYSIS = YES;
				CLANG_WARN_STRICT_PROTOTYPES = YES;
				CLANG_WARN_SUSPICIOUS_MOVE = YES;
				CLANG_WARN_UNGUARDED_AVAILABILITY = YES_AGGRESSIVE;
				CLANG_WARN_UNREACHABLE_CODE = YES;
				CLANG_WARN__DUPLICATE_METHOD_MATCH = YES;
				COPY_PHASE_STRIP = NO;
				DEBUG_INFORMATION_FORMAT = dwarf;
				ENABLE_STRICT_OBJC_MSGSEND = YES;
				ENABLE_TESTABILITY = YES;
				GCC_C_LANGUAGE_STANDARD = gnu11;
				GCC_DYNAMIC_NO_PIC = NO;
				GCC_NO_COMMON_BLOCKS = YES;
				GCC_OPTIMIZATION_LEVEL = 0;
				GCC_PREPROCESSOR_DEFINITIONS = (
					"DEBUG=1",
					"$(inherited)",
				);
				GCC_WARN_64_TO_32_BIT_CONVERSION = YES;
				GCC_WARN_ABOUT_RETURN_TYPE = YES_ERROR;
				GCC_WARN_UNDECLARED_SELECTOR = YES;
				GCC_WARN_UNINITIALIZED_AUTOS = YES_AGGRESSIVE;
				GCC_WARN_UNUSED_FUNCTION = YES;
				GCC_WARN_UNUSED_VARIABLE = YES;
				IPHONEOS_DEPLOYMENT_TARGET = 15.4;
				MTL_ENABLE_DEBUG_INFO = INCLUDE_SOURCE;
				MTL_FAST_MATH = YES;
				ONLY_ACTIVE_ARCH = YES;
				SDKROOT = iphoneos;
				SWIFT_ACTIVE_COMPILATION_CONDITIONS = DEBUG;
				SWIFT_OPTIMIZATION_LEVEL = "-Onone";
			};
			name = Debug;
		};
		46930699282F0024005B1021 /* Release */ = {
			isa = XCBuildConfiguration;
			buildSettings = {
				ALWAYS_SEARCH_USER_PATHS = NO;
				CLANG_ANALYZER_NONNULL = YES;
				CLANG_ANALYZER_NUMBER_OBJECT_CONVERSION = YES_AGGRESSIVE;
				CLANG_CXX_LANGUAGE_STANDARD = "gnu++17";
				CLANG_ENABLE_MODULES = YES;
				CLANG_ENABLE_OBJC_ARC = YES;
				CLANG_ENABLE_OBJC_WEAK = YES;
				CLANG_WARN_BLOCK_CAPTURE_AUTORELEASING = YES;
				CLANG_WARN_BOOL_CONVERSION = YES;
				CLANG_WARN_COMMA = YES;
				CLANG_WARN_CONSTANT_CONVERSION = YES;
				CLANG_WARN_DEPRECATED_OBJC_IMPLEMENTATIONS = YES;
				CLANG_WARN_DIRECT_OBJC_ISA_USAGE = YES_ERROR;
				CLANG_WARN_DOCUMENTATION_COMMENTS = YES;
				CLANG_WARN_EMPTY_BODY = YES;
				CLANG_WARN_ENUM_CONVERSION = YES;
				CLANG_WARN_INFINITE_RECURSION = YES;
				CLANG_WARN_INT_CONVERSION = YES;
				CLANG_WARN_NON_LITERAL_NULL_CONVERSION = YES;
				CLANG_WARN_OBJC_IMPLICIT_RETAIN_SELF = YES;
				CLANG_WARN_OBJC_LITERAL_CONVERSION = YES;
				CLANG_WARN_OBJC_ROOT_CLASS = YES_ERROR;
				CLANG_WARN_QUOTED_INCLUDE_IN_FRAMEWORK_HEADER = YES;
				CLANG_WARN_RANGE_LOOP_ANALYSIS = YES;
				CLANG_WARN_STRICT_PROTOTYPES = YES;
				CLANG_WARN_SUSPICIOUS_MOVE = YES;
				CLANG_WARN_UNGUARDED_AVAILABILITY = YES_AGGRESSIVE;
				CLANG_WARN_UNREACHABLE_CODE = YES;
				CLANG_WARN__DUPLICATE_METHOD_MATCH = YES;
				COPY_PHASE_STRIP = NO;
				DEBUG_INFORMATION_FORMAT = "dwarf-with-dsym";
				ENABLE_NS_ASSERTIONS = NO;
				ENABLE_STRICT_OBJC_MSGSEND = YES;
				GCC_C_LANGUAGE_STANDARD = gnu11;
				GCC_NO_COMMON_BLOCKS = YES;
				GCC_WARN_64_TO_32_BIT_CONVERSION = YES;
				GCC_WARN_ABOUT_RETURN_TYPE = YES_ERROR;
				GCC_WARN_UNDECLARED_SELECTOR = YES;
				GCC_WARN_UNINITIALIZED_AUTOS = YES_AGGRESSIVE;
				GCC_WARN_UNUSED_FUNCTION = YES;
				GCC_WARN_UNUSED_VARIABLE = YES;
				IPHONEOS_DEPLOYMENT_TARGET = 15.4;
				MTL_ENABLE_DEBUG_INFO = NO;
				MTL_FAST_MATH = YES;
				SDKROOT = iphoneos;
				SWIFT_COMPILATION_MODE = wholemodule;
				SWIFT_OPTIMIZATION_LEVEL = "-O";
				VALIDATE_PRODUCT = YES;
			};
			name = Release;
		};
		4693069B282F0024005B1021 /* Debug */ = {
			isa = XCBuildConfiguration;
			buildSettings = {
				ASSETCATALOG_COMPILER_APPICON_NAME = AppIcon;
				ASSETCATALOG_COMPILER_GLOBAL_ACCENT_COLOR_NAME = AccentColor;
				CODE_SIGN_STYLE = Automatic;
				CURRENT_PROJECT_VERSION = 1;
				DEVELOPMENT_TEAM = 4G9U3KU8WQ;
				GENERATE_INFOPLIST_FILE = YES;
				INFOPLIST_FILE = Zodiac/Info.plist;
				INFOPLIST_KEY_UIApplicationSupportsIndirectInputEvents = YES;
				INFOPLIST_KEY_UILaunchStoryboardName = LaunchScreen;
				INFOPLIST_KEY_UIMainStoryboardFile = Main;
				INFOPLIST_KEY_UISupportedInterfaceOrientations_iPad = "UIInterfaceOrientationPortrait UIInterfaceOrientationPortraitUpsideDown UIInterfaceOrientationLandscapeLeft UIInterfaceOrientationLandscapeRight";
				INFOPLIST_KEY_UISupportedInterfaceOrientations_iPhone = "UIInterfaceOrientationPortrait UIInterfaceOrientationLandscapeLeft UIInterfaceOrientationLandscapeRight";
				LD_RUNPATH_SEARCH_PATHS = (
					"$(inherited)",
					"@executable_path/Frameworks",
				);
				MARKETING_VERSION = 1.0;
				PRODUCT_BUNDLE_IDENTIFIER = student.Zodiac;
				PRODUCT_NAME = "$(TARGET_NAME)";
				SWIFT_EMIT_LOC_STRINGS = YES;
				SWIFT_VERSION = 5.0;
				TARGETED_DEVICE_FAMILY = "1,2";
			};
			name = Debug;
		};
		4693069C282F0024005B1021 /* Release */ = {
			isa = XCBuildConfiguration;
			buildSettings = {
				ASSETCATALOG_COMPILER_APPICON_NAME = AppIcon;
				ASSETCATALOG_COMPILER_GLOBAL_ACCENT_COLOR_NAME = AccentColor;
				CODE_SIGN_STYLE = Automatic;
				CURRENT_PROJECT_VERSION = 1;
				DEVELOPMENT_TEAM = 4G9U3KU8WQ;
				GENERATE_INFOPLIST_FILE = YES;
				INFOPLIST_FILE = Zodiac/Info.plist;
				INFOPLIST_KEY_UIApplicationSupportsIndirectInputEvents = YES;
				INFOPLIST_KEY_UILaunchStoryboardName = LaunchScreen;
				INFOPLIST_KEY_UIMainStoryboardFile = Main;
				INFOPLIST_KEY_UISupportedInterfaceOrientations_iPad = "UIInterfaceOrientationPortrait UIInterfaceOrientationPortraitUpsideDown UIInterfaceOrientationLandscapeLeft UIInterfaceOrientationLandscapeRight";
				INFOPLIST_KEY_UISupportedInterfaceOrientations_iPhone = "UIInterfaceOrientationPortrait UIInterfaceOrientationLandscapeLeft UIInterfaceOrientationLandscapeRight";
				LD_RUNPATH_SEARCH_PATHS = (
					"$(inherited)",
					"@executable_path/Frameworks",
				);
				MARKETING_VERSION = 1.0;
				PRODUCT_BUNDLE_IDENTIFIER = student.Zodiac;
				PRODUCT_NAME = "$(TARGET_NAME)";
				SWIFT_EMIT_LOC_STRINGS = YES;
				SWIFT_VERSION = 5.0;
				TARGETED_DEVICE_FAMILY = "1,2";
			};
			name = Release;
		};
		4693069E282F0024005B1021 /* Debug */ = {
			isa = XCBuildConfiguration;
			buildSettings = {
				ALWAYS_EMBED_SWIFT_STANDARD_LIBRARIES = YES;
				BUNDLE_LOADER = "$(TEST_HOST)";
				CODE_SIGN_STYLE = Automatic;
				CURRENT_PROJECT_VERSION = 1;
				GENERATE_INFOPLIST_FILE = YES;
				IPHONEOS_DEPLOYMENT_TARGET = 15.4;
				MARKETING_VERSION = 1.0;
				PRODUCT_BUNDLE_IDENTIFIER = student.ZodiacTests;
				PRODUCT_NAME = "$(TARGET_NAME)";
				SWIFT_EMIT_LOC_STRINGS = NO;
				SWIFT_VERSION = 5.0;
				TARGETED_DEVICE_FAMILY = "1,2";
				TEST_HOST = "$(BUILT_PRODUCTS_DIR)/Zodiac.app/Zodiac";
			};
			name = Debug;
		};
		4693069F282F0024005B1021 /* Release */ = {
			isa = XCBuildConfiguration;
			buildSettings = {
				ALWAYS_EMBED_SWIFT_STANDARD_LIBRARIES = YES;
				BUNDLE_LOADER = "$(TEST_HOST)";
				CODE_SIGN_STYLE = Automatic;
				CURRENT_PROJECT_VERSION = 1;
				GENERATE_INFOPLIST_FILE = YES;
				IPHONEOS_DEPLOYMENT_TARGET = 15.4;
				MARKETING_VERSION = 1.0;
				PRODUCT_BUNDLE_IDENTIFIER = student.ZodiacTests;
				PRODUCT_NAME = "$(TARGET_NAME)";
				SWIFT_EMIT_LOC_STRINGS = NO;
				SWIFT_VERSION = 5.0;
				TARGETED_DEVICE_FAMILY = "1,2";
				TEST_HOST = "$(BUILT_PRODUCTS_DIR)/Zodiac.app/Zodiac";
			};
			name = Release;
		};
		469306A1282F0024005B1021 /* Debug */ = {
			isa = XCBuildConfiguration;
			buildSettings = {
				ALWAYS_EMBED_SWIFT_STANDARD_LIBRARIES = YES;
				CODE_SIGN_STYLE = Automatic;
				CURRENT_PROJECT_VERSION = 1;
				GENERATE_INFOPLIST_FILE = YES;
				MARKETING_VERSION = 1.0;
				PRODUCT_BUNDLE_IDENTIFIER = student.ZodiacUITests;
				PRODUCT_NAME = "$(TARGET_NAME)";
				SWIFT_EMIT_LOC_STRINGS = NO;
				SWIFT_VERSION = 5.0;
				TARGETED_DEVICE_FAMILY = "1,2";
				TEST_TARGET_NAME = Zodiac;
			};
			name = Debug;
		};
		469306A2282F0024005B1021 /* Release */ = {
			isa = XCBuildConfiguration;
			buildSettings = {
				ALWAYS_EMBED_SWIFT_STANDARD_LIBRARIES = YES;
				CODE_SIGN_STYLE = Automatic;
				CURRENT_PROJECT_VERSION = 1;
				GENERATE_INFOPLIST_FILE = YES;
				MARKETING_VERSION = 1.0;
				PRODUCT_BUNDLE_IDENTIFIER = student.ZodiacUITests;
				PRODUCT_NAME = "$(TARGET_NAME)";
				SWIFT_EMIT_LOC_STRINGS = NO;
				SWIFT_VERSION = 5.0;
				TARGETED_DEVICE_FAMILY = "1,2";
				TEST_TARGET_NAME = Zodiac;
			};
			name = Release;
		};
/* End XCBuildConfiguration section */

/* Begin XCConfigurationList section */
		46930668282F0021005B1021 /* Build configuration list for PBXProject "Zodiac" */ = {
			isa = XCConfigurationList;
			buildConfigurations = (
				46930698282F0024005B1021 /* Debug */,
				46930699282F0024005B1021 /* Release */,
			);
			defaultConfigurationIsVisible = 0;
			defaultConfigurationName = Release;
		};
		4693069A282F0024005B1021 /* Build configuration list for PBXNativeTarget "Zodiac" */ = {
			isa = XCConfigurationList;
			buildConfigurations = (
				4693069B282F0024005B1021 /* Debug */,
				4693069C282F0024005B1021 /* Release */,
			);
			defaultConfigurationIsVisible = 0;
			defaultConfigurationName = Release;
		};
		4693069D282F0024005B1021 /* Build configuration list for PBXNativeTarget "ZodiacTests" */ = {
			isa = XCConfigurationList;
			buildConfigurations = (
				4693069E282F0024005B1021 /* Debug */,
				4693069F282F0024005B1021 /* Release */,
			);
			defaultConfigurationIsVisible = 0;
			defaultConfigurationName = Release;
		};
		469306A0282F0024005B1021 /* Build configuration list for PBXNativeTarget "ZodiacUITests" */ = {
			isa = XCConfigurationList;
			buildConfigurations = (
				469306A1282F0024005B1021 /* Debug */,
				469306A2282F0024005B1021 /* Release */,
			);
			defaultConfigurationIsVisible = 0;
			defaultConfigurationName = Release;
		};
/* End XCConfigurationList section */

/* Begin XCVersionGroup section */
		46930679282F0021005B1021 /* Zodiac.xcdatamodeld */ = {
			isa = XCVersionGroup;
			children = (
				4693067A282F0021005B1021 /* Zodiac.xcdatamodel */,
			);
			currentVersion = 4693067A282F0021005B1021 /* Zodiac.xcdatamodel */;
			path = Zodiac.xcdatamodeld;
			sourceTree = "<group>";
			versionGroupType = wrapper.xcdatamodel;
		};
/* End XCVersionGroup section */
	};
	rootObject = 46930665282F0021005B1021 /* Project object */;
}
